
Microsoft Visual Studio Solution File, Format Version 12.00
# Visual Studio 15
VisualStudioVersion = 15.0.28010.2003
MinimumVisualStudioVersion = 10.0.40219.1
Project("{FAE04EC0-301F-11D3-BF4B-00C04F79EFBC}") = "CACM.Android", "CACM\CACM.Android\CACM.Android.csproj", "{39315F7E-0045-4088-B8BA-7A2286918139}"
EndProject
Project("{FAE04EC0-301F-11D3-BF4B-00C04F79EFBC}") = "CACM.iOS", "CACM\CACM.iOS\CACM.iOS.csproj", "{166CBBF4-6F76-445F-97AE-CEA316F2D6C5}"
EndProject
Project("{FAE04EC0-301F-11D3-BF4B-00C04F79EFBC}") = "CACM", "CACM\CACM\CACM.csproj", "{5E4C4F5F-B742-4576-8B2F-A60D495B9616}"
EndProject
Global
	GlobalSection(SolutionConfigurationPlatforms) = preSolution
		Ad-Hoc|Any CPU = Ad-Hoc|Any CPU
		Ad-Hoc|iPhone = Ad-Hoc|iPhone
		Ad-Hoc|iPhoneSimulator = Ad-Hoc|iPhoneSimulator
		AppStore|Any CPU = AppStore|Any CPU
		AppStore|iPhone = AppStore|iPhone
		AppStore|iPhoneSimulator = AppStore|iPhoneSimulator
		Debug|Any CPU = Debug|Any CPU
		Debug|iPhone = Debug|iPhone
		Debug|iPhoneSimulator = Debug|iPhoneSimulator
		Release|Any CPU = Release|Any CPU
		Release|iPhone = Release|iPhone
		Release|iPhoneSimulator = Release|iPhoneSimulator
	EndGlobalSection
	GlobalSection(ProjectConfigurationPlatforms) = postSolution
		{39315F7E-0045-4088-B8BA-7A2286918139}.Ad-Hoc|Any CPU.ActiveCfg = Release|Any CPU
		{39315F7E-0045-4088-B8BA-7A2286918139}.Ad-Hoc|Any CPU.Build.0 = Release|Any CPU
		{39315F7E-0045-4088-B8BA-7A2286918139}.Ad-Hoc|Any CPU.Deploy.0 = Release|Any CPU
		{39315F7E-0045-4088-B8BA-7A2286918139}.Ad-Hoc|iPhone.ActiveCfg = Release|Any CPU
		{39315F7E-0045-4088-B8BA-7A2286918139}.Ad-Hoc|iPhone.Build.0 = Release|Any CPU
		{39315F7E-0045-4088-B8BA-7A2286918139}.Ad-Hoc|iPhone.Deploy.0 = Release|Any CPU
		{39315F7E-0045-4088-B8BA-7A2286918139}.Ad-Hoc|iPhoneSimulator.ActiveCfg = Release|Any CPU
		{39315F7E-0045-4088-B8BA-7A2286918139}.Ad-Hoc|iPhoneSimulator.Build.0 = Release|Any CPU
		{39315F7E-0045-4088-B8BA-7A2286918139}.Ad-Hoc|iPhoneSimulator.Deploy.0 = Release|Any CPU
		{39315F7E-0045-4088-B8BA-7A2286918139}.AppStore|Any CPU.ActiveCfg = Release|Any CPU
		{39315F7E-0045-4088-B8BA-7A2286918139}.AppStore|Any CPU.Build.0 = Release|Any CPU
		{39315F7E-0045-4088-B8BA-7A2286918139}.AppStore|Any CPU.Deploy.0 = Release|Any CPU
		{39315F7E-0045-4088-B8BA-7A2286918139}.AppStore|iPhone.ActiveCfg = Release|Any CPU
		{39315F7E-0045-4088-B8BA-7A2286918139}.AppStore|iPhone.Build.0 = Release|Any CPU
		{39315F7E-0045-4088-B8BA-7A2286918139}.AppStore|iPhone.Deploy.0 = Release|Any CPU
		{39315F7E-0045-4088-B8BA-7A2286918139}.AppStore|iPhoneSimulator.ActiveCfg = Release|Any CPU
		{39315F7E-0045-4088-B8BA-7A2286918139}.AppStore|iPhoneSimulator.Build.0 = Release|Any CPU
		{39315F7E-0045-4088-B8BA-7A2286918139}.AppStore|iPhoneSimulator.Deploy.0 = Release|Any CPU
		{39315F7E-0045-4088-B8BA-7A2286918139}.Debug|Any CPU.ActiveCfg = Debug|Any CPU
		{39315F7E-0045-4088-B8BA-7A2286918139}.Debug|Any CPU.Build.0 = Debug|Any CPU
		{39315F7E-0045-4088-B8BA-7A2286918139}.Debug|Any CPU.Deploy.0 = Debug|Any CPU
		{39315F7E-0045-4088-B8BA-7A2286918139}.Debug|iPhone.ActiveCfg = Debug|Any CPU
		{39315F7E-0045-4088-B8BA-7A2286918139}.Debug|iPhone.Build.0 = Debug|Any CPU
		{39315F7E-0045-4088-B8BA-7A2286918139}.Debug|iPhone.Deploy.0 = Debug|Any CPU
		{39315F7E-0045-4088-B8BA-7A2286918139}.Debug|iPhoneSimulator.ActiveCfg = Debug|Any CPU
		{39315F7E-0045-4088-B8BA-7A2286918139}.Debug|iPhoneSimulator.Build.0 = Debug|Any CPU
		{39315F7E-0045-4088-B8BA-7A2286918139}.Debug|iPhoneSimulator.Deploy.0 = Debug|Any CPU
		{39315F7E-0045-4088-B8BA-7A2286918139}.Release|Any CPU.ActiveCfg = Release|Any CPU
		{39315F7E-0045-4088-B8BA-7A2286918139}.Release|Any CPU.Build.0 = Release|Any CPU
		{39315F7E-0045-4088-B8BA-7A2286918139}.Release|Any CPU.Deploy.0 = Release|Any CPU
		{39315F7E-0045-4088-B8BA-7A2286918139}.Release|iPhone.ActiveCfg = Release|Any CPU
		{39315F7E-0045-4088-B8BA-7A2286918139}.Release|iPhone.Build.0 = Release|Any CPU
		{39315F7E-0045-4088-B8BA-7A2286918139}.Release|iPhone.Deploy.0 = Release|Any CPU
		{39315F7E-0045-4088-B8BA-7A2286918139}.Release|iPhoneSimulator.ActiveCfg = Release|Any CPU
		{39315F7E-0045-4088-B8BA-7A2286918139}.Release|iPhoneSimulator.Build.0 = Release|Any CPU
		{39315F7E-0045-4088-B8BA-7A2286918139}.Release|iPhoneSimulator.Deploy.0 = Release|Any CPU
		{166CBBF4-6F76-445F-97AE-CEA316F2D6C5}.Ad-Hoc|Any CPU.ActiveCfg = Ad-Hoc|iPhone
		{166CBBF4-6F76-445F-97AE-CEA316F2D6C5}.Ad-Hoc|Any CPU.Build.0 = Ad-Hoc|iPhone
		{166CBBF4-6F76-445F-97AE-CEA316F2D6C5}.Ad-Hoc|Any CPU.Deploy.0 = Ad-Hoc|iPhone
		{166CBBF4-6F76-445F-97AE-CEA316F2D6C5}.Ad-Hoc|iPhone.ActiveCfg = Ad-Hoc|iPhone
		{166CBBF4-6F76-445F-97AE-CEA316F2D6C5}.Ad-Hoc|iPhone.Build.0 = Ad-Hoc|iPhone
		{166CBBF4-6F76-445F-97AE-CEA316F2D6C5}.Ad-Hoc|iPhone.Deploy.0 = Ad-Hoc|iPhone
		{166CBBF4-6F76-445F-97AE-CEA316F2D6C5}.Ad-Hoc|iPhoneSimulator.ActiveCfg = Ad-Hoc|iPhoneSimulator
		{166CBBF4-6F76-445F-97AE-CEA316F2D6C5}.Ad-Hoc|iPhoneSimulator.Build.0 = Ad-Hoc|iPhoneSimulator
		{166CBBF4-6F76-445F-97AE-CEA316F2D6C5}.Ad-Hoc|iPhoneSimulator.Deploy.0 = Ad-Hoc|iPhoneSimulator
		{166CBBF4-6F76-445F-97AE-CEA316F2D6C5}.AppStore|Any CPU.ActiveCfg = AppStore|iPhone
		{166CBBF4-6F76-445F-97AE-CEA316F2D6C5}.AppStore|Any CPU.Build.0 = AppStore|iPhone
		{166CBBF4-6F76-445F-97AE-CEA316F2D6C5}.AppStore|Any CPU.Deploy.0 = AppStore|iPhone
		{166CBBF4-6F76-445F-97AE-CEA316F2D6C5}.AppStore|iPhone.ActiveCfg = AppStore|iPhone
		{166CBBF4-6F76-445F-97AE-CEA316F2D6C5}.AppStore|iPhone.Build.0 = AppStore|iPhone
		{166CBBF4-6F76-445F-97AE-CEA316F2D6C5}.AppStore|iPhone.Deploy.0 = AppStore|iPhone
		{166CBBF4-6F76-445F-97AE-CEA316F2D6C5}.AppStore|iPhoneSimulator.ActiveCfg = AppStore|iPhoneSimulator
		{166CBBF4-6F76-445F-97AE-CEA316F2D6C5}.AppStore|iPhoneSimulator.Build.0 = AppStore|iPhoneSimulator
		{166CBBF4-6F76-445F-97AE-CEA316F2D6C5}.AppStore|iPhoneSimulator.Deploy.0 = AppStore|iPhoneSimulator
		{166CBBF4-6F76-445F-97AE-CEA316F2D6C5}.Debug|Any CPU.ActiveCfg = Debug|iPhoneSimulator
		{166CBBF4-6F76-445F-97AE-CEA316F2D6C5}.Debug|Any CPU.Build.0 = Debug|iPhoneSimulator
		{166CBBF4-6F76-445F-97AE-CEA316F2D6C5}.Debug|Any CPU.Deploy.0 = Debug|iPhoneSimulator
		{166CBBF4-6F76-445F-97AE-CEA316F2D6C5}.Debug|iPhone.ActiveCfg = Debug|iPhone
		{166CBBF4-6F76-445F-97AE-CEA316F2D6C5}.Debug|iPhone.Build.0 = Debug|iPhone
		{166CBBF4-6F76-445F-97AE-CEA316F2D6C5}.Debug|iPhone.Deploy.0 = Debug|iPhone
		{166CBBF4-6F76-445F-97AE-CEA316F2D6C5}.Debug|iPhoneSimulator.ActiveCfg = Debug|iPhoneSimulator
		{166CBBF4-6F76-445F-97AE-CEA316F2D6C5}.Debug|iPhoneSimulator.Build.0 = Debug|iPhoneSimulator
		{166CBBF4-6F76-445F-97AE-CEA316F2D6C5}.Debug|iPhoneSimulator.Deploy.0 = Debug|iPhoneSimulator
		{166CBBF4-6F76-445F-97AE-CEA316F2D6C5}.Release|Any CPU.ActiveCfg = Release|iPhone
		{166CBBF4-6F76-445F-97AE-CEA316F2D6C5}.Release|Any CPU.Build.0 = Release|iPhone
		{166CBBF4-6F76-445F-97AE-CEA316F2D6C5}.Release|Any CPU.Deploy.0 = Release|iPhone
		{166CBBF4-6F76-445F-97AE-CEA316F2D6C5}.Release|iPhone.ActiveCfg = Release|iPhone
		{166CBBF4-6F76-445F-97AE-CEA316F2D6C5}.Release|iPhone.Build.0 = Release|iPhone
		{166CBBF4-6F76-445F-97AE-CEA316F2D6C5}.Release|iPhone.Deploy.0 = Release|iPhone
		{166CBBF4-6F76-445F-97AE-CEA316F2D6C5}.Release|iPhoneSimulator.ActiveCfg = Release|iPhoneSimulator
		{166CBBF4-6F76-445F-97AE-CEA316F2D6C5}.Release|iPhoneSimulator.Build.0 = Release|iPhoneSimulator
		{166CBBF4-6F76-445F-97AE-CEA316F2D6C5}.Release|iPhoneSimulator.Deploy.0 = Release|iPhoneSimulator
		{5E4C4F5F-B742-4576-8B2F-A60D495B9616}.Ad-Hoc|Any CPU.ActiveCfg = Debug|Any CPU
		{5E4C4F5F-B742-4576-8B2F-A60D495B9616}.Ad-Hoc|Any CPU.Build.0 = Debug|Any CPU
		{5E4C4F5F-B742-4576-8B2F-A60D495B9616}.Ad-Hoc|Any CPU.Deploy.0 = Debug|Any CPU
		{5E4C4F5F-B742-4576-8B2F-A60D495B9616}.Ad-Hoc|iPhone.ActiveCfg = Debug|Any CPU
		{5E4C4F5F-B742-4576-8B2F-A60D495B9616}.Ad-Hoc|iPhone.Build.0 = Debug|Any CPU
		{5E4C4F5F-B742-4576-8B2F-A60D495B9616}.Ad-Hoc|iPhone.Deploy.0 = Debug|Any CPU
		{5E4C4F5F-B742-4576-8B2F-A60D495B9616}.Ad-Hoc|iPhoneSimulator.ActiveCfg = Debug|Any CPU
		{5E4C4F5F-B742-4576-8B2F-A60D495B9616}.Ad-Hoc|iPhoneSimulator.Build.0 = Debug|Any CPU
		{5E4C4F5F-B742-4576-8B2F-A60D495B9616}.Ad-Hoc|iPhoneSimulator.Deploy.0 = Debug|Any CPU
		{5E4C4F5F-B742-4576-8B2F-A60D495B9616}.AppStore|Any CPU.ActiveCfg = Debug|Any CPU
		{5E4C4F5F-B742-4576-8B2F-A60D495B9616}.AppStore|Any CPU.Build.0 = Debug|Any CPU
		{5E4C4F5F-B742-4576-8B2F-A60D495B9616}.AppStore|Any CPU.Deploy.0 = Debug|Any CPU
		{5E4C4F5F-B742-4576-8B2F-A60D495B9616}.AppStore|iPhone.ActiveCfg = Debug|Any CPU
		{5E4C4F5F-B742-4576-8B2F-A60D495B9616}.AppStore|iPhone.Build.0 = Debug|Any CPU
		{5E4C4F5F-B742-4576-8B2F-A60D495B9616}.AppStore|iPhone.Deploy.0 = Debug|Any CPU
		{5E4C4F5F-B742-4576-8B2F-A60D495B9616}.AppStore|iPhoneSimulator.ActiveCfg = Debug|Any CPU
		{5E4C4F5F-B742-4576-8B2F-A60D495B9616}.AppStore|iPhoneSimulator.Build.0 = Debug|Any CPU
		{5E4C4F5F-B742-4576-8B2F-A60D495B9616}.AppStore|iPhoneSimulator.Deploy.0 = Debug|Any CPU
		{5E4C4F5F-B742-4576-8B2F-A60D495B9616}.Debug|Any CPU.ActiveCfg = Debug|Any CPU
		{5E4C4F5F-B742-4576-8B2F-A60D495B9616}.Debug|Any CPU.Build.0 = Debug|Any CPU
		{5E4C4F5F-B742-4576-8B2F-A60D495B9616}.Debug|Any CPU.Deploy.0 = Debug|Any CPU
		{5E4C4F5F-B742-4576-8B2F-A60D495B9616}.Debug|iPhone.ActiveCfg = Debug|Any CPU
		{5E4C4F5F-B742-4576-8B2F-A60D495B9616}.Debug|iPhone.Build.0 = Debug|Any CPU
		{5E4C4F5F-B742-4576-8B2F-A60D495B9616}.Debug|iPhone.Deploy.0 = Debug|Any CPU
		{5E4C4F5F-B742-4576-8B2F-A60D495B9616}.Debug|iPhoneSimulator.ActiveCfg = Debug|Any CPU
		{5E4C4F5F-B742-4576-8B2F-A60D495B9616}.Debug|iPhoneSimulator.Build.0 = Debug|Any CPU
		{5E4C4F5F-B742-4576-8B2F-A60D495B9616}.Debug|iPhoneSimulator.Deploy.0 = Debug|Any CPU
		{5E4C4F5F-B742-4576-8B2F-A60D495B9616}.Release|Any CPU.ActiveCfg = Release|Any CPU
		{5E4C4F5F-B742-4576-8B2F-A60D495B9616}.Release|Any CPU.Build.0 = Release|Any CPU
		{5E4C4F5F-B742-4576-8B2F-A60D495B9616}.Release|Any CPU.Deploy.0 = Release|Any CPU
		{5E4C4F5F-B742-4576-8B2F-A60D495B9616}.Release|iPhone.ActiveCfg = Release|Any CPU
		{5E4C4F5F-B742-4576-8B2F-A60D495B9616}.Release|iPhone.Build.0 = Release|Any CPU
		{5E4C4F5F-B742-4576-8B2F-A60D495B9616}.Release|iPhone.Deploy.0 = Release|Any CPU
		{5E4C4F5F-B742-4576-8B2F-A60D495B9616}.Release|iPhoneSimulator.ActiveCfg = Release|Any CPU
		{5E4C4F5F-B742-4576-8B2F-A60D495B9616}.Release|iPhoneSimulator.Build.0 = Release|Any CPU
		{5E4C4F5F-B742-4576-8B2F-A60D495B9616}.Release|iPhoneSimulator.Deploy.0 = Release|Any CPU
	EndGlobalSection
	GlobalSection(SolutionProperties) = preSolution
		HideSolutionNode = FALSE
	EndGlobalSection
	GlobalSection(ExtensibilityGlobals) = postSolution
		SolutionGuid = {DF41C570-75E8-4378-810C-F579122B1AA5}
	EndGlobalSection
EndGlobal
